
Microsoft Visual Studio Solution File, Format Version 12.00
# Visual Studio Version 16
VisualStudioVersion = 16.0.30011.22
MinimumVisualStudioVersion = 10.0.40219.1
Project("{FAE04EC0-301F-11D3-BF4B-00C04F79EFBC}") = "MovieRegistration", "MovieRegistration\MovieRegistration.csproj", "{D040ECC2-8D29-450F-9339-401456307414}"
EndProject
Global
	GlobalSection(SolutionConfigurationPlatforms) = preSolution
		Debug|Any CPU = Debug|Any CPU
		Release|Any CPU = Release|Any CPU
	EndGlobalSection
	GlobalSection(ProjectConfigurationPlatforms) = postSolution
		{D040ECC2-8D29-450F-9339-401456307414}.Debug|Any CPU.ActiveCfg = Debug|Any CPU
		{D040ECC2-8D29-450F-9339-401456307414}.Debug|Any CPU.Build.0 = Debug|Any CPU
		{D040ECC2-8D29-450F-9339-401456307414}.Release|Any CPU.ActiveCfg = Release|Any CPU
		{D040ECC2-8D29-450F-9339-401456307414}.Release|Any CPU.Build.0 = Release|Any CPU
	EndGlobalSection
	GlobalSection(SolutionProperties) = preSolution
		HideSolutionNode = FALSE
	EndGlobalSection
	GlobalSection(ExtensibilityGlobals) = postSolution
		SolutionGuid = {A8B87985-F81C-4DB9-ADBE-7C7B8E394EA1}
	EndGlobalSection
EndGlobal
